
Microsoft Visual Studio Solution File, Format Version 12.00
# Visual Studio Version 16
VisualStudioVersion = 16.0.30907.101
MinimumVisualStudioVersion = 10.0.40219.1
Project("{FAE04EC0-301F-11D3-BF4B-00C04F79EFBC}") = "CourseReady", "CourseReady\CourseReady.csproj", "{6164EF58-8F07-4698-80A9-EBE6BDDEE755}"
EndProject
Global
	GlobalSection(SolutionConfigurationPlatforms) = preSolution
		Debug|Any CPU = Debug|Any CPU
		Release|Any CPU = Release|Any CPU
	EndGlobalSection
	GlobalSection(ProjectConfigurationPlatforms) = postSolution
		{6164EF58-8F07-4698-80A9-EBE6BDDEE755}.Debug|Any CPU.ActiveCfg = Debug|Any CPU
		{6164EF58-8F07-4698-80A9-EBE6BDDEE755}.Debug|Any CPU.Build.0 = Debug|Any CPU
		{6164EF58-8F07-4698-80A9-EBE6BDDEE755}.Release|Any CPU.ActiveCfg = Release|Any CPU
		{6164EF58-8F07-4698-80A9-EBE6BDDEE755}.Release|Any CPU.Build.0 = Release|Any CPU
	EndGlobalSection
	GlobalSection(SolutionProperties) = preSolution
		HideSolutionNode = FALSE
	EndGlobalSection
	GlobalSection(ExtensibilityGlobals) = postSolution
		SolutionGuid = {271C5D86-7072-400E-B259-F4CAD59C7566}
	EndGlobalSection
EndGlobal
